# This file is generated by running "yarn install" inside your project.
# Manual changes might be lost - proceed with caution!

__metadata:
  version: 7
  cacheKey: 9

"@types/get-pixels@npm:^3.3.2":
  version: 3.3.2
  resolution: "@types/get-pixels@npm:3.3.2"
  dependencies:
    "@types/ndarray": "npm:*"
    "@types/node": "npm:*"
  checksum: 9eea175e54cb10ed3c51f09be5674823dab20005a689dc6678ec4120b4f6377fa679d43f601c1218bc99f371eb03498ffc4af887d5cdc12c6f44fdd150263dce
  languageName: node
  linkType: hard

"@types/ndarray@npm:*":
  version: 1.0.11
  resolution: "@types/ndarray@npm:1.0.11"
  checksum: ead33a1011665a7e10fd7529507b5c965bed1a4cabfc21e036acd91c52999184168d5f361cfe3098937820778b9e12a4f42801ddadb71b90e0404c2d74dd63e5
  languageName: node
  linkType: hard

"@types/node@npm:*, @types/node@npm:^18.15.11":
  version: 18.15.11
  resolution: "@types/node@npm:18.15.11"
  checksum: 2ad6c7aeb0841a821d5f0556ccbc9c0cec597cb31b5fe58b085740983f6b01a21a3c62c37ca642dd92b5de8935d6084896634af19f1f022e8d173049ad258a60
  languageName: node
  linkType: hard

"@types/underscore@npm:^1":
  version: 1.11.4
  resolution: "@types/underscore@npm:1.11.4"
  checksum: ad935f17aff0100c97068bcbd9d93893d337826794acced2814c5a6ef69f6bf4c9f2f8f9b140890ade895135487464b268de793969eb0f1502a70295eb436acd
  languageName: node
  linkType: hard

"ajv@npm:^6.12.3":
  version: 6.12.6
  resolution: "ajv@npm:6.12.6"
  dependencies:
    fast-deep-equal: "npm:^3.1.1"
    fast-json-stable-stringify: "npm:^2.0.0"
    json-schema-traverse: "npm:^0.4.1"
    uri-js: "npm:^4.2.2"
  checksum: c8b4c5eb679d58b3b145c914cb328b49622ead05aecd2c8da490809d542d0796d558602a7988745214eff2a7642dcca784f909414cb746d7235a97a3f89fecee
  languageName: node
  linkType: hard

"asn1@npm:~0.2.3":
  version: 0.2.6
  resolution: "asn1@npm:0.2.6"
  dependencies:
    safer-buffer: "npm:~2.1.0"
  checksum: 3c97ac9d83ca097850fd9d4228a0f366e18a7a8fd055d749a15d7018a47ed208a3be48f3cfdacea738b44f4b40b56e943f0607de221bbdec812b74129ecf0c22
  languageName: node
  linkType: hard

"assert-plus@npm:1.0.0, assert-plus@npm:^1.0.0":
  version: 1.0.0
  resolution: "assert-plus@npm:1.0.0"
  checksum: 38cb6f1d545a2cc3b1c30101324720ae0a659c071615b49274b423d8ca7efaecebc85c128d6dc35a46e4d7c6077385783cb46a1901896e3b7f10f619c7111057
  languageName: node
  linkType: hard

"asynckit@npm:^0.4.0":
  version: 0.4.0
  resolution: "asynckit@npm:0.4.0"
  checksum: e4d1381289f9effe69a4dbc18e8b4e2059113dfb23634d0f4064226042870dbc53175fbf261f982d055fa2952163a8b7608781ea58314a17bb6a2cd6815af4f1
  languageName: node
  linkType: hard

"aws-sign2@npm:~0.7.0":
  version: 0.7.0
  resolution: "aws-sign2@npm:0.7.0"
  checksum: 6af052d2392aee7cc9e63bc3737e282dcd392c1bfb4c97b8aff45b6b02a59d62eb6a084bcc16c67ccdb63924bb17e0aa14d38e12724345a1e4f4d648b768ecd5
  languageName: node
  linkType: hard

"aws4@npm:^1.8.0":
  version: 1.12.0
  resolution: "aws4@npm:1.12.0"
  checksum: 62888183a7eb652156c0647e0692d5b6eb710d36010d9c8b70d91c9cf39b1b832c8a9c5855b41b6917b3a5965daa588ddca460300e824e56c4123ac64e39b019
  languageName: node
  linkType: hard

"bcrypt-pbkdf@npm:^1.0.0":
  version: 1.0.2
  resolution: "bcrypt-pbkdf@npm:1.0.2"
  dependencies:
    tweetnacl: "npm:^0.14.3"
  checksum: 26dacae8fcd8926b2d477eea173937e4fd1255a665435f8c827a016d3939cbe9c2382946cbedcce37e3bdb069716f26be26c663598449dbeb2fefb64eb478df4
  languageName: node
  linkType: hard

"caseless@npm:~0.12.0":
  version: 0.12.0
  resolution: "caseless@npm:0.12.0"
  checksum: 33c585c818defa51505672e3957409b0f27d760dd711536d36a782627651d5c0cd3dc02b96b45ed702cd78bb88148e7949eb2aad7b1c4e4274fe70184d789c52
  languageName: node
  linkType: hard

"combined-stream@npm:^1.0.6, combined-stream@npm:~1.0.6":
  version: 1.0.8
  resolution: "combined-stream@npm:1.0.8"
  dependencies:
    delayed-stream: "npm:~1.0.0"
  checksum: c3224efc798a4f2066ff2f65c28d60b48ec73b38bf76331ecc61814875cc5c8a93beccc268ca08aaa98a141c262de5787d68685b6682b8b67ad2dadb8bd2ddd2
  languageName: node
  linkType: hard

"core-util-is@npm:1.0.2":
  version: 1.0.2
  resolution: "core-util-is@npm:1.0.2"
  checksum: f6006dfc860ac490b330431be370c58e9b8601d3affe85a08309665970431e12a672ebf1c57799795e145f4fc488c208b2ee992c42fa57faae2649c6f514845e
  languageName: node
  linkType: hard

"cwise-compiler@npm:^1.1.2":
  version: 1.1.3
  resolution: "cwise-compiler@npm:1.1.3"
  dependencies:
    uniq: "npm:^1.0.0"
  checksum: d4094e6003c5b6db76958d18714c9bbaf36786c4296793bd2d9052e8797856592b3fd6f66fb1629f8a7813d49dda23fd63044957eb1e7cb755a1f9412d0efd44
  languageName: node
  linkType: hard

"dashdash@npm:^1.12.0":
  version: 1.14.1
  resolution: "dashdash@npm:1.14.1"
  dependencies:
    assert-plus: "npm:^1.0.0"
  checksum: 4904e050758457a2c9730e8eb783e1d6ba9c16d115aae263762606479ff94eb5272ed4d3e0e8cadebdb666485af89fcfcc369d32fbc4d78e2cd6088c4be436f4
  languageName: node
  linkType: hard

"data-science-from-scratch@workspace:.":
  version: 0.0.0-use.local
  resolution: "data-science-from-scratch@workspace:."
  dependencies:
    "@types/get-pixels": "npm:^3.3.2"
    "@types/node": "npm:^18.15.11"
    "@types/underscore": "npm:^1"
    get-pixels: "npm:^3.3.3"
    typescript: "npm:^5.0.2"
    underscore: "npm:^1.13.6"
  languageName: unknown
  linkType: soft

"data-uri-to-buffer@npm:0.0.3":
  version: 0.0.3
  resolution: "data-uri-to-buffer@npm:0.0.3"
  checksum: 09f65aed4cac5b95af2fc1e2cb0cc22bef7fc12779beb0c268f527f094c8e0c20553b7c83a1fdab11aa9da46af404e104a46760bf46cbc1b6c57ff24cd6ea41c
  languageName: node
  linkType: hard

"delayed-stream@npm:~1.0.0":
  version: 1.0.0
  resolution: "delayed-stream@npm:1.0.0"
  checksum: 22f11ed342773dbc427e84d5a972e5c67fc34a44bf80eead5a41d8697c9303ae32991e568921cbd82553deeb1b33f3d6ecc148bf0efe3789589c8cb7b0e1a53a
  languageName: node
  linkType: hard

"ecc-jsbn@npm:~0.1.1":
  version: 0.1.2
  resolution: "ecc-jsbn@npm:0.1.2"
  dependencies:
    jsbn: "npm:~0.1.0"
    safer-buffer: "npm:^2.1.0"
  checksum: cef3f6f2462c6c5d03dc1ebe1532afee95655c3bb1aa89c89462588355f0168afa6e7c63b0d2e3989493c1e4090fae33b7f4d1b57d76fdcea226f3555b15fbcd
  languageName: node
  linkType: hard

"extend@npm:~3.0.2":
  version: 3.0.2
  resolution: "extend@npm:3.0.2"
  checksum: 312babdc3cfd8d5d003b109f02b8b639e8bdf2262f2f06acebfc3c991d8c004b73c2c10eaaaab00cfb2fb2a760845006806af10945b279d9390eed064505dfdb
  languageName: node
  linkType: hard

"extsprintf@npm:1.3.0, extsprintf@npm:^1.2.0":
  version: 1.3.0
  resolution: "extsprintf@npm:1.3.0"
  checksum: afdc88aaa7ad260bd3a4aeabc087aa03de8eaf6346a59685a97943549d8ca54c312b2353e8a4fbe234e59eb202b5b45274a6d959f1309b750bf2a15852ca7485
  languageName: node
  linkType: hard

"fast-deep-equal@npm:^3.1.1":
  version: 3.1.3
  resolution: "fast-deep-equal@npm:3.1.3"
  checksum: 5f83fabf1f0bac0df5117e881ee15756dc8a9ee48c8020ed63cb84a7935d78c338dc0982b3b7b6ad0792905f5ef0c35293db9cae2f3208a6f09071c43887a02f
  languageName: node
  linkType: hard

"fast-json-stable-stringify@npm:^2.0.0":
  version: 2.1.0
  resolution: "fast-json-stable-stringify@npm:2.1.0"
  checksum: cc64810b004155f5ac29b208ebd5c862599a1a8aef3c4d27a34dfb694db7797e121dceda183507ec4a2a5413d9cb59521fd2540d0d00a5589ee6ea6bfac3c12e
  languageName: node
  linkType: hard

"forever-agent@npm:~0.6.1":
  version: 0.6.1
  resolution: "forever-agent@npm:0.6.1"
  checksum: b426cf45f0bdea79970a4320cb550b84d0bcd0530d544e0424456f44272a19641a000ea921f8e58dba5511b71f94d95c80692e3d13ce5f0b766f18426430efd5
  languageName: node
  linkType: hard

"form-data@npm:~2.3.2":
  version: 2.3.3
  resolution: "form-data@npm:2.3.3"
  dependencies:
    asynckit: "npm:^0.4.0"
    combined-stream: "npm:^1.0.6"
    mime-types: "npm:^2.1.12"
  checksum: 0f88d2d298ac7751fbef88eb1148e709727560bbe6ed17ca1fd10745b8b572cdab7d51d934b97ccdc411add4e39afdb414bc400580a348de2d39a49401f3f5ec
  languageName: node
  linkType: hard

"get-pixels@npm:^3.3.3":
  version: 3.3.3
  resolution: "get-pixels@npm:3.3.3"
  dependencies:
    data-uri-to-buffer: "npm:0.0.3"
    jpeg-js: "npm:^0.4.1"
    mime-types: "npm:^2.0.1"
    ndarray: "npm:^1.0.13"
    ndarray-pack: "npm:^1.1.1"
    node-bitmap: "npm:0.0.1"
    omggif: "npm:^1.0.5"
    parse-data-uri: "npm:^0.2.0"
    pngjs: "npm:^3.3.3"
    request: "npm:^2.44.0"
    through: "npm:^2.3.4"
  checksum: 135cff879eb7b0907b539cb5c2c3b6f932ccd40ad02decdf76be2e007d57bb4926a77cca82b0bba99bb6c9a4214828a715f270bb6076c585a405ffc896a418fa
  languageName: node
  linkType: hard

"getpass@npm:^0.1.1":
  version: 0.1.7
  resolution: "getpass@npm:0.1.7"
  dependencies:
    assert-plus: "npm:^1.0.0"
  checksum: ffcc370a58a53b0e9e6c5a92db6c7340e3705d84d6bebd448e4afcf7d8a9329cd65be2c3d47ced58c5c8098c3bda21ee65401ba908e3bd37160bec75748a8f54
  languageName: node
  linkType: hard

"har-schema@npm:^2.0.0":
  version: 2.0.0
  resolution: "har-schema@npm:2.0.0"
  checksum: 45f992760bede24d0787edd6b5b4407d50fe0db5370904002a55e7d4bf3373cc12e7c4f4414a4fc937b25096cdf8957f8ca97b56be6bae8d173a38b2f390826f
  languageName: node
  linkType: hard

"har-validator@npm:~5.1.3":
  version: 5.1.5
  resolution: "har-validator@npm:5.1.5"
  dependencies:
    ajv: "npm:^6.12.3"
    har-schema: "npm:^2.0.0"
  checksum: 3eb98922f5a5c67bf4973721275b1707b915e2d3dd88131cc0040b2f7dcdb512556cf1a692c90d1c2e0648b873735199bb27884612f7cb7457b4eb1f4cec6db4
  languageName: node
  linkType: hard

"http-signature@npm:~1.2.0":
  version: 1.2.0
  resolution: "http-signature@npm:1.2.0"
  dependencies:
    assert-plus: "npm:^1.0.0"
    jsprim: "npm:^1.2.2"
    sshpk: "npm:^1.7.0"
  checksum: 4e2f77bd1fc16dbfaf9abc17420c35b09baf0463a300078064446bee1848cfc14778293d62f5b259dac3530ae2ab4823b8508ce8f6f8bbac2099904fad30a59e
  languageName: node
  linkType: hard

"iota-array@npm:^1.0.0":
  version: 1.0.0
  resolution: "iota-array@npm:1.0.0"
  checksum: 554c2b0ff47623320baae02f8cbb6bcd9607ffcd9afa0ad5744b417180f65254e10542aa63a68f1f1e8d0e56c06abfa4507810d7f92631947753eda3a91408f6
  languageName: node
  linkType: hard

"is-buffer@npm:^1.0.2":
  version: 1.1.6
  resolution: "is-buffer@npm:1.1.6"
  checksum: a3857c313fad2bc168a0e0af61d9e8149fe1aa251bc1bb717cf309f8fc3266c2701f82cdf8b224f24e916e32c248da4ead85151ad43c2787090c57b3469f9af7
  languageName: node
  linkType: hard

"is-typedarray@npm:~1.0.0":
  version: 1.0.0
  resolution: "is-typedarray@npm:1.0.0"
  checksum: f918df0d4215dbde9d0d29375cf39e353abe59ef3964862afc87bb6ce503e7439f4131260a7b1777074f5fcc64f659c75a4ce5a93ceb603901375cd0b13eedab
  languageName: node
  linkType: hard

"isstream@npm:~0.1.2":
  version: 0.1.2
  resolution: "isstream@npm:0.1.2"
  checksum: 0458850e4cc11c29dece587a48a73b44e423738fc8824bfa946f11cc5371ccf94e9e9fcbc4025ced0116c420e08ed3a61cfb14393d2b4c989587888acdd6b0ab
  languageName: node
  linkType: hard

"jpeg-js@npm:^0.4.1":
  version: 0.4.4
  resolution: "jpeg-js@npm:0.4.4"
  checksum: 5f3d7155a783504b0268c03bdba60f92574dd66f764ab286b2dd9478da4d54c222726c4fb89e77303eb794e48139e8cf17f1e49eec634d68b05cb6a636bc1099
  languageName: node
  linkType: hard

"jsbn@npm:~0.1.0":
  version: 0.1.1
  resolution: "jsbn@npm:0.1.1"
  checksum: b30785edca016891c4da40f97916476858a0e14745ebb14ac59162a9110b5a1f80cdd550b80b627234ba63ea16f83e233502625572e7fdd9dcf703c99a0d753e
  languageName: node
  linkType: hard

"json-schema-traverse@npm:^0.4.1":
  version: 0.4.1
  resolution: "json-schema-traverse@npm:0.4.1"
  checksum: 4c9b10ebd277b894fa66f7130ffcf6b8c0d2c41754ce3784d82149695dbd928c15523aab230b8206c4be5b48127cafc0467760774673ba61045e1abb52e74de2
  languageName: node
  linkType: hard

"json-schema@npm:0.4.0":
  version: 0.4.0
  resolution: "json-schema@npm:0.4.0"
  checksum: 54562ace314c3b4441c8daf87eb45db2a454d19aa0fd402cdf4cda5806e444b9e03c79845a93d9c1bca19694386c40d87282c14749ca02915732a6315b3a54b6
  languageName: node
  linkType: hard

"json-stringify-safe@npm:~5.0.1":
  version: 5.0.1
  resolution: "json-stringify-safe@npm:5.0.1"
  checksum: e86f7bb748bb84f73b171bb68c8209a1e68f40d41f943952f746fa4ca3802c1edf4602e86977c2de44eba1e64e4cabe2498f4499003cc471e99db83bfba95898
  languageName: node
  linkType: hard

"jsprim@npm:^1.2.2":
  version: 1.4.2
  resolution: "jsprim@npm:1.4.2"
  dependencies:
    assert-plus: "npm:1.0.0"
    extsprintf: "npm:1.3.0"
    json-schema: "npm:0.4.0"
    verror: "npm:1.10.0"
  checksum: cf143189e848715ee8aae4907dc2bfaf68380539713950a5bf7ce09a16b9d5fbada2c7a588c5881d582cf327aa29d7ccacc92b4491f94bdb5d879c53710b5207
  languageName: node
  linkType: hard

"mime-db@npm:1.52.0":
  version: 1.52.0
  resolution: "mime-db@npm:1.52.0"
  checksum: 95baf687a3f14ff2cc433e30dea5c4931c7f4b67059d44a0098cfb833858cad63ec13c20f98762bddd088c4e9dac6d95862db1ea9d3fe3fa68f57b69a325000d
  languageName: node
  linkType: hard

"mime-types@npm:^2.0.1, mime-types@npm:^2.1.12, mime-types@npm:~2.1.19":
  version: 2.1.35
  resolution: "mime-types@npm:2.1.35"
  dependencies:
    mime-db: "npm:1.52.0"
  checksum: 51e3b38d1b1b83da082f7c29042bcb22036101346394696b7643ef5da27ebf6bf71643bd45225ee75e4ea2836213780efc8c3dcd2055c84b49eb0afc061419d0
  languageName: node
  linkType: hard

"ndarray-pack@npm:^1.1.1":
  version: 1.2.1
  resolution: "ndarray-pack@npm:1.2.1"
  dependencies:
    cwise-compiler: "npm:^1.1.2"
    ndarray: "npm:^1.0.13"
  checksum: 946d71739d6c9aeca3479b7337e5ca2d27f290d6189b2a57fdfa6299385062d9f0f0ee4493cfceb253157c918824cff22dd3bf5dce20a8653b56020e48e442d2
  languageName: node
  linkType: hard

"ndarray@npm:^1.0.13":
  version: 1.0.19
  resolution: "ndarray@npm:1.0.19"
  dependencies:
    iota-array: "npm:^1.0.0"
    is-buffer: "npm:^1.0.2"
  checksum: 4d15bb69d828d0b6b5147ff8afb185c556abb8132632fc3c2fc84a8783cdf69b595301e341f795040b22e6e492648e59f8f933b70e6f701b9d812251732a7add
  languageName: node
  linkType: hard

"node-bitmap@npm:0.0.1":
  version: 0.0.1
  resolution: "node-bitmap@npm:0.0.1"
  checksum: 265ccff1c1f93b48a766a0103e4fe4e70b4aa15ab30e8e9d5e50fe8697f59464666468078b8bd1fbdbf51b0df4b6104b5ecf21be02e1dad2a2ef06e61f7e74a8
  languageName: node
  linkType: hard

"oauth-sign@npm:~0.9.0":
  version: 0.9.0
  resolution: "oauth-sign@npm:0.9.0"
  checksum: 7f90bdcedf7b624a85106ef0b7ac65fafd736a1f073554714363becdae7d9f3caed00a282b876eecef39797451c188e4e1dd72b455fa1880469ee6f0710c0a3e
  languageName: node
  linkType: hard

"omggif@npm:^1.0.5":
  version: 1.0.10
  resolution: "omggif@npm:1.0.10"
  checksum: 3003f21cdda92988cae386382dcfe3d7bdf8312e4a8801324ef112dbb1058d7bf4f06e3ba813a732c407ae8a962343b9c1aa0635b652bc3aaa0ec96b0cc03290
  languageName: node
  linkType: hard

"parse-data-uri@npm:^0.2.0":
  version: 0.2.0
  resolution: "parse-data-uri@npm:0.2.0"
  dependencies:
    data-uri-to-buffer: "npm:0.0.3"
  checksum: da01fed7a8d9fb1d5b247d53162cdb4f75f392517932bf888aff896a409f84ebc1971e8ceae2ff7b26af754e97f923d35bf8c88fa8d89652cd7c627b083f0d09
  languageName: node
  linkType: hard

"performance-now@npm:^2.1.0":
  version: 2.1.0
  resolution: "performance-now@npm:2.1.0"
  checksum: a0fae1e610b785e04b20ae146033a7ea1e639f1aa583a1d4d01b36be787dfebe31227402a7ef3b1ffb621d04750ca73c17b03ec943f2389f7416f95236a61e31
  languageName: node
  linkType: hard

"pngjs@npm:^3.3.3":
  version: 3.4.0
  resolution: "pngjs@npm:3.4.0"
  checksum: dc8087c688264bb97ba114932f5f0bc463d1feb47e1fa082df97565b2144f6a55c21115ef01f2085c707fd6694774cadde1b1c1d85ef2fb104aefbd109fc5ea0
  languageName: node
  linkType: hard

"psl@npm:^1.1.28":
  version: 1.9.0
  resolution: "psl@npm:1.9.0"
  checksum: cf1d67518a183700bcbccded8ba7f4340bc5c4dbd81229f1460c656d065b0b653142ce1c5379be32bf170b47c9eecdb499e8a3b15eb472c9462825da55d7f512
  languageName: node
  linkType: hard

"punycode@npm:^2.1.0, punycode@npm:^2.1.1":
  version: 2.3.0
  resolution: "punycode@npm:2.3.0"
  checksum: c2b408c805927a6614ef581bd3d00deca1fef9f2da0ec95cecaedf6a985d8596a29e931e31f80f7313f94257895f9ac6cf4c2ae81cdca04964daf9c3c3d221c1
  languageName: node
  linkType: hard

"qs@npm:~6.5.2":
  version: 6.5.3
  resolution: "qs@npm:6.5.3"
  checksum: 6a4be44c9bd3baef6db5d50905a5d305dce4aa11317c27c7599edee3aff835c1d96e582ff5b9205bcb07e8381d9e92de33570d459415c91d243ea926e27b0002
  languageName: node
  linkType: hard

"request@npm:^2.44.0":
  version: 2.88.2
  resolution: "request@npm:2.88.2"
  dependencies:
    aws-sign2: "npm:~0.7.0"
    aws4: "npm:^1.8.0"
    caseless: "npm:~0.12.0"
    combined-stream: "npm:~1.0.6"
    extend: "npm:~3.0.2"
    forever-agent: "npm:~0.6.1"
    form-data: "npm:~2.3.2"
    har-validator: "npm:~5.1.3"
    http-signature: "npm:~1.2.0"
    is-typedarray: "npm:~1.0.0"
    isstream: "npm:~0.1.2"
    json-stringify-safe: "npm:~5.0.1"
    mime-types: "npm:~2.1.19"
    oauth-sign: "npm:~0.9.0"
    performance-now: "npm:^2.1.0"
    qs: "npm:~6.5.2"
    safe-buffer: "npm:^5.1.2"
    tough-cookie: "npm:~2.5.0"
    tunnel-agent: "npm:^0.6.0"
    uuid: "npm:^3.3.2"
  checksum: 0b6b8f79ddd55bd51d820b9b8f8c3c16945173e7605de652c300bcff5814b576b7f8fd6538fa9a0c886249fbbeb83d5e4424d9baf6fd4e3332e9a803e6b03319
  languageName: node
  linkType: hard

"safe-buffer@npm:^5.0.1, safe-buffer@npm:^5.1.2":
  version: 5.2.1
  resolution: "safe-buffer@npm:5.2.1"
  checksum: da8a21b3336a21c152eb3ba8ab41acde5772644f026d4b6e5f9fd8afa4f0cf407c113b19a362580fab9aea8beea295465432fc7684f9ff38aac559bb1b5528cd
  languageName: node
  linkType: hard

"safer-buffer@npm:^2.0.2, safer-buffer@npm:^2.1.0, safer-buffer@npm:~2.1.0":
  version: 2.1.2
  resolution: "safer-buffer@npm:2.1.2"
  checksum: d4199666e9e792968c0b88c2c35dd400f56d3eecb9affbcf5207922822eadf30cc06995bae3c5d0a653851bbd40fc0af578bf046bbf734199ce22433ba4da659
  languageName: node
  linkType: hard

"sshpk@npm:^1.7.0":
  version: 1.17.0
  resolution: "sshpk@npm:1.17.0"
  dependencies:
    asn1: "npm:~0.2.3"
    assert-plus: "npm:^1.0.0"
    bcrypt-pbkdf: "npm:^1.0.0"
    dashdash: "npm:^1.12.0"
    ecc-jsbn: "npm:~0.1.1"
    getpass: "npm:^0.1.1"
    jsbn: "npm:~0.1.0"
    safer-buffer: "npm:^2.0.2"
    tweetnacl: "npm:~0.14.0"
  bin:
    sshpk-conv: bin/sshpk-conv
    sshpk-sign: bin/sshpk-sign
    sshpk-verify: bin/sshpk-verify
  checksum: 4160f860f7d754dbd4f5d0b197d1d743cbce1d1fd48752d0d039e6f9668ea917d6caa79a77ada20b80af530214a85c6fe052e2b78d82525374b3cf6efc92332a
  languageName: node
  linkType: hard

"through@npm:^2.3.4":
  version: 2.3.8
  resolution: "through@npm:2.3.8"
  checksum: c9d6883ace26b3c967283827cafdd4ceee6164fa4d3754865f5032dcb564e0cbdea9dc6f43806afa51e1f2863d8e3beca141cbf7b8dcff989982aef69bb851c0
  languageName: node
  linkType: hard

"tough-cookie@npm:~2.5.0":
  version: 2.5.0
  resolution: "tough-cookie@npm:2.5.0"
  dependencies:
    psl: "npm:^1.1.28"
    punycode: "npm:^2.1.1"
  checksum: 93504e7af3f117ea2feb8ae14f16931430f0ed94a4d0242d7f8efb9ac16e970731bd660242dd7f0afa20b750eb97affd5053cfc8302f77714d123a7b6f4d60b8
  languageName: node
  linkType: hard

"tunnel-agent@npm:^0.6.0":
  version: 0.6.0
  resolution: "tunnel-agent@npm:0.6.0"
  dependencies:
    safe-buffer: "npm:^5.0.1"
  checksum: 04bb1f31a4f757d78547536d3c58bf7d24645735ecc5af75536cf9ee46e8d4d8c802518a16062d9c07f78874946dd2ea600d2df42e5c538cdd9a414994bce54d
  languageName: node
  linkType: hard

"tweetnacl@npm:^0.14.3, tweetnacl@npm:~0.14.0":
  version: 0.14.5
  resolution: "tweetnacl@npm:0.14.5"
  checksum: bd01b852653d25afd67c3145b4241f93db1fda9753b78d3d848f3eed5f32af4f1e49b6cd44571b32b0498d18a7344ff4033d6b1f76c3732c8cf4b85049f9cf49
  languageName: node
  linkType: hard

"typescript@npm:^5.0.2":
  version: 5.0.3
  resolution: "typescript@npm:5.0.3"
  bin:
    tsc: bin/tsc
    tsserver: bin/tsserver
  checksum: 45ee631503499861d77d7a7b1d49fb5c62ae6bb5a99cdf5110f3e21c627397f5f76cf3d67ee0b223a33cfad469ea18de7650cab7a529b1376f5218a27b81671e
  languageName: node
  linkType: hard

"typescript@patch:typescript@npm%3A^5.0.2#optional!builtin<compat/typescript>":
  version: 5.0.3
  resolution: "typescript@patch:typescript@npm%3A5.0.3#optional!builtin<compat/typescript>::version=5.0.3&hash=ad5954"
  bin:
    tsc: bin/tsc
    tsserver: bin/tsserver
  checksum: b7877c1596dcddd821ef3b6da12c4b29950bcaa5ab313a9fd20f78ac672be01964431f0cbe5fcfef8ac4d1606629b7a9c493e0b52090139fb77addc37abce542
  languageName: node
  linkType: hard

"underscore@npm:^1.13.6":
  version: 1.13.6
  resolution: "underscore@npm:1.13.6"
  checksum: c97263094d771a862beb174d174d3c783f5fdb4734de323ba5e43e5f926b387eda901d816cc8eface402fb223ff4acdd469f4f1a294b17725b09db5d083c7a65
  languageName: node
  linkType: hard

"uniq@npm:^1.0.0":
  version: 1.0.1
  resolution: "uniq@npm:1.0.1"
  checksum: bf54e28a4ff4fa232f927061ce91d623256078dccdfaaa845a69a87868dad7a4437031f2a90c627acb7113bc70b68d7992f1ef5bc72d9a6eed20858e8e8258df
  languageName: node
  linkType: hard

"uri-js@npm:^4.2.2":
  version: 4.4.1
  resolution: "uri-js@npm:4.4.1"
  dependencies:
    punycode: "npm:^2.1.0"
  checksum: 284fedd1b11512a77e783bfd32b320a9af1f2e39fbfabf4d65d64122344a3f55b8d37ec0c77e0045f7467b99d24bd2c067c1224d74f5c76b069753c7276d8709
  languageName: node
  linkType: hard

"uuid@npm:^3.3.2":
  version: 3.4.0
  resolution: "uuid@npm:3.4.0"
  bin:
    uuid: ./bin/uuid
  checksum: c84dbfcb94389fea5a09020802df2a1227d183ceabaa5256658194dfad045c83fe72366b64b165b6445a480fac8a75d0e982033f3cb393713674b3cd938063fa
  languageName: node
  linkType: hard

"verror@npm:1.10.0":
  version: 1.10.0
  resolution: "verror@npm:1.10.0"
  dependencies:
    assert-plus: "npm:^1.0.0"
    core-util-is: "npm:1.0.2"
    extsprintf: "npm:^1.2.0"
  checksum: ec26653c2110a7c2cfbaf41e3f3e87a5e08cbde81f7a568603c5ae4c9459acef5a1e81cbec551f4b9d0352e4b99121ee891e77c621b8237be9ff3862764d55f5
  languageName: node
  linkType: hard
